// !$*UTF8*$!
{
	archiveVersion = 1;
	classes = {
	};
	objectVersion = 46;
	objects = {

/* Begin PBXBuildFile section */
		43E8BB8F1CB2E16C00356ECB /* main.m in Sources */ = {isa = PBXBuildFile; fileRef = 43E8BB8E1CB2E16C00356ECB /* main.m */; };
		43E8BB971CB2E29F00356ECB /* Car.m in Sources */ = {isa = PBXBuildFile; fileRef = 43E8BB961CB2E29F00356ECB /* Car.m */; };
		43E8BB9A1CB2E52E00356ECB /* Toyota.m in Sources */ = {isa = PBXBuildFile; fileRef = 43E8BB991CB2E52E00356ECB /* Toyota.m */; };
/* End PBXBuildFile section */

/* Begin PBXCopyFilesBuildPhase section */
		43E8BB891CB2E16C00356ECB /* CopyFiles */ = {
			isa = PBXCopyFilesBuildPhase;
			buildActionMask = 2147483647;
			dstPath = /usr/share/man/man1/;
			dstSubfolderSpec = 0;
			files = (
			);
			runOnlyForDeploymentPostprocessing = 1;
		};
/* End PBXCopyFilesBuildPhase section */

/* Begin PBXFileReference section */
		43E8BB8B1CB2E16C00356ECB /* Toyota */ = {isa = PBXFileReference; explicitFileType = "compiled.mach-o.executable"; includeInIndex = 0; path = Toyota; sourceTree = BUILT_PRODUCTS_DIR; };
		43E8BB8E1CB2E16C00356ECB /* main.m */ = {isa = PBXFileReference; lastKnownFileType = sourcecode.c.objc; path = main.m; sourceTree = "<group>"; };
		43E8BB951CB2E29F00356ECB /* Car.h */ = {isa = PBXFileReference; fileEncoding = 4; lastKnownFileType = sourcecode.c.h; path = Car.h; sourceTree = "<group>"; };
		43E8BB961CB2E29F00356ECB /* Car.m */ = {isa = PBXFileReference; fileEncoding = 4; lastKnownFileType = sourcecode.c.objc; path = Car.m; sourceTree = "<group>"; };
		43E8BB981CB2E52E00356ECB /* Toyota.h */ = {isa = PBXFileReference; fileEncoding = 4; lastKnownFileType = sourcecode.c.h; path = Toyota.h; sourceTree = "<group>"; };
		43E8BB991CB2E52E00356ECB /* Toyota.m */ = {isa = PBXFileReference; fileEncoding = 4; lastKnownFileType = sourcecode.c.objc; path = Toyota.m; sourceTree = "<group>"; };
/* End PBXFileReference section */

/* Begin PBXFrameworksBuildPhase section */
		43E8BB881CB2E16C00356ECB /* Frameworks */ = {
			isa = PBXFrameworksBuildPhase;
			buildActionMask = 2147483647;
			files = (
			);
			runOnlyForDeploymentPostprocessing = 0;
		};
/* End PBXFrameworksBuildPhase section */

/* Begin PBXGroup section */
		43E8BB821CB2E16C00356ECB = {
			isa = PBXGroup;
			children = (
				43E8BB8D1CB2E16C00356ECB /* Toyota */,
				43E8BB8C1CB2E16C00356ECB /* Products */,
			);
			sourceTree = "<group>";
		};
		43E8BB8C1CB2E16C00356ECB /* Products */ = {
			isa = PBXGroup;
			children = (
				43E8BB8B1CB2E16C00356ECB /* Toyota */,
			);
			name = Products;
			sourceTree = "<group>";
		};
		43E8BB8D1CB2E16C00356ECB /* Toyota */ = {
			isa = PBXGroup;
			children = (
				43E8BB8E1CB2E16C00356ECB /* main.m */,
				43E8BB951CB2E29F00356ECB /* Car.h */,
				43E8BB961CB2E29F00356ECB /* Car.m */,
				43E8BB981CB2E52E00356ECB /* Toyota.h */,
				43E8BB991CB2E52E00356ECB /* Toyota.m */,
			);
			path = Toyota;
			sourceTree = "<group>";
		};
/* End PBXGroup section */

/* Begin PBXNativeTarget section */
		43E8BB8A1CB2E16C00356ECB /* Toyota */ = {
			isa = PBXNativeTarget;
			buildConfigurationList = 43E8BB921CB2E16C00356ECB /* Build configuration list for PBXNativeTarget "Toyota" */;
			buildPhases = (
				43E8BB871CB2E16C00356ECB /* Sources */,
				43E8BB881CB2E16C00356ECB /* Frameworks */,
				43E8BB891CB2E16C00356ECB /* CopyFiles */,
			);
			buildRules = (
			);
			dependencies = (
			);
			name = Toyota;
			productName = Toyota;
			productReference = 43E8BB8B1CB2E16C00356ECB /* Toyota */;
			productType = "com.apple.product-type.tool";
		};
/* End PBXNativeTarget section */

/* Begin PBXProject section */
		43E8BB831CB2E16C00356ECB /* Project object */ = {
			isa = PBXProject;
			attributes = {
				LastUpgradeCheck = 0720;
				ORGANIZATIONNAME = Vectura;
				TargetAttributes = {
					43E8BB8A1CB2E16C00356ECB = {
						CreatedOnToolsVersion = 7.2.1;
					};
				};
			};
			buildConfigurationList = 43E8BB861CB2E16C00356ECB /* Build configuration list for PBXProject "Toyota" */;
			compatibilityVersion = "Xcode 3.2";
			developmentRegion = English;
			hasScannedForEncodings = 0;
			knownRegions = (
				en,
			);
			mainGroup = 43E8BB821CB2E16C00356ECB;
			productRefGroup = 43E8BB8C1CB2E16C00356ECB /* Products */;
			projectDirPath = "";
			projectRoot = "";
			targets = (
				43E8BB8A1CB2E16C00356ECB /* Toyota */,
			);
		};
/* End PBXProject section */

/* Begin PBXSourcesBuildPhase section */
		43E8BB871CB2E16C00356ECB /* Sources */ = {
			isa = PBXSourcesBuildPhase;
			buildActionMask = 2147483647;
			files = (
				43E8BB9A1CB2E52E00356ECB /* Toyota.m in Sources */,
				43E8BB971CB2E29F00356ECB /* Car.m in Sources */,
				43E8BB8F1CB2E16C00356ECB /* main.m in Sources */,
			);
			runOnlyForDeploymentPostprocessing = 0;
		};
/* End PBXSourcesBuildPhase section */

/* Begin XCBuildConfiguration section */
		43E8BB901CB2E16C00356ECB /* Debug */ = {
			isa = XCBuildConfiguration;
			buildSettings = {
				ALWAYS_SEARCH_USER_PATHS = NO;
				CLANG_CXX_LANGUAGE_STANDARD = "gnu++0x";
				CLANG_CXX_LIBRARY = "libc++";
				CLANG_ENABLE_MODULES = YES;
				CLANG_ENABLE_OBJC_ARC = YES;
				CLANG_WARN_BOOL_CONVERSION = YES;
				CLANG_WARN_CONSTANT_CONVERSION = YES;
				CLANG_WARN_DIRECT_OBJC_ISA_USAGE = YES_ERROR;
				CLANG_WARN_EMPTY_BODY = YES;
				CLANG_WARN_ENUM_CONVERSION = YES;
				CLANG_WARN_INT_CONVERSION = YES;
				CLANG_WARN_OBJC_ROOT_CLASS = YES_ERROR;
				CLANG_WARN_UNREACHABLE_CODE = YES;
				CLANG_WARN__DUPLICATE_METHOD_MATCH = YES;
				CODE_SIGN_IDENTITY = "-";
				COPY_PHASE_STRIP = NO;
				DEBUG_INFORMATION_FORMAT = dwarf;
				ENABLE_STRICT_OBJC_MSGSEND = YES;
				ENABLE_TESTABILITY = YES;
				GCC_C_LANGUAGE_STANDARD = gnu99;
				GCC_DYNAMIC_NO_PIC = NO;
				GCC_NO_COMMON_BLOCKS = YES;
				GCC_OPTIMIZATION_LEVEL = 0;
				GCC_PREPROCESSOR_DEFINITIONS = (
					"DEBUG=1",
					"$(inherited)",
				);
				GCC_WARN_64_TO_32_BIT_CONVERSION = YES;
				GCC_WARN_ABOUT_RETURN_TYPE = YES_ERROR;
				GCC_WARN_UNDECLARED_SELECTOR = YES;
				GCC_WARN_UNINITIALIZED_AUTOS = YES_AGGRESSIVE;
				GCC_WARN_UNUSED_FUNCTION = YES;
				GCC_WARN_UNUSED_VARIABLE = YES;
				MACOSX_DEPLOYMENT_TARGET = 10.10;
				MTL_ENABLE_DEBUG_INFO = YES;
				ONLY_ACTIVE_ARCH = YES;
				SDKROOT = macosx;
			};
			name = Debug;
		};
		43E8BB911CB2E16C00356ECB /* Release */ = {
			isa = XCBuildConfiguration;
			buildSettings = {
				ALWAYS_SEARCH_USER_PATHS = NO;
				CLANG_CXX_LANGUAGE_STANDARD = "gnu++0x";
				CLANG_CXX_LIBRARY = "libc++";
				CLANG_ENABLE_MODULES = YES;
				CLANG_ENABLE_OBJC_ARC = YES;
				CLANG_WARN_BOOL_CONVERSION = YES;
				CLANG_WARN_CONSTANT_CONVERSION = YES;
				CLANG_WARN_DIRECT_OBJC_ISA_USAGE = YES_ERROR;
				CLANG_WARN_EMPTY_BODY = YES;
				CLANG_WARN_ENUM_CONVERSION = YES;
				CLANG_WARN_INT_CONVERSION = YES;
				CLANG_WARN_OBJC_ROOT_CLASS = YES_ERROR;
				CLANG_WARN_UNREACHABLE_CODE = YES;
				CLANG_WARN__DUPLICATE_METHOD_MATCH = YES;
				CODE_SIGN_IDENTITY = "-";
				COPY_PHASE_STRIP = NO;
				DEBUG_INFORMATION_FORMAT = "dwarf-with-dsym";
				ENABLE_NS_ASSERTIONS = NO;
				ENABLE_STRICT_OBJC_MSGSEND = YES;
				GCC_C_LANGUAGE_STANDARD = gnu99;
				GCC_NO_COMMON_BLOCKS = YES;
				GCC_WARN_64_TO_32_BIT_CONVERSION = YES;
				GCC_WARN_ABOUT_RETURN_TYPE = YES_ERROR;
				GCC_WARN_UNDECLARED_SELECTOR = YES;
				GCC_WARN_UNINITIALIZED_AUTOS = YES_AGGRESSIVE;
				GCC_WARN_UNUSED_FUNCTION = YES;
				GCC_WARN_UNUSED_VARIABLE = YES;
				MACOSX_DEPLOYMENT_TARGET = 10.10;
				MTL_ENABLE_DEBUG_INFO = NO;
				SDKROOT = macosx;
			};
			name = Release;
		};
		43E8BB931CB2E16C00356ECB /* Debug */ = {
			isa = XCBuildConfiguration;
			buildSettings = {
				PRODUCT_NAME = "$(TARGET_NAME)";
			};
			name = Debug;
		};
		43E8BB941CB2E16C00356ECB /* Release */ = {
			isa = XCBuildConfiguration;
			buildSettings = {
				PRODUCT_NAME = "$(TARGET_NAME)";
			};
			name = Release;
		};
/* End XCBuildConfiguration section */

/* Begin XCConfigurationList section */
		43E8BB861CB2E16C00356ECB /* Build configuration list for PBXProject "Toyota" */ = {
			isa = XCConfigurationList;
			buildConfigurations = (
				43E8BB901CB2E16C00356ECB /* Debug */,
				43E8BB911CB2E16C00356ECB /* Release */,
			);
			defaultConfigurationIsVisible = 0;
			defaultConfigurationName = Release;
		};
		43E8BB921CB2E16C00356ECB /* Build configuration list for PBXNativeTarget "Toyota" */ = {
			isa = XCConfigurationList;
			buildConfigurations = (
				43E8BB931CB2E16C00356ECB /* Debug */,
				43E8BB941CB2E16C00356ECB /* Release */,
			);
			defaultConfigurationIsVisible = 0;
		};
/* End XCConfigurationList section */
	};
	rootObject = 43E8BB831CB2E16C00356ECB /* Project object */;
}
